
Microsoft Visual Studio Solution File, Format Version 12.00
# Visual Studio Version 16
VisualStudioVersion = 16.0.29613.14
MinimumVisualStudioVersion = 10.0.40219.1
Project("{FAE04EC0-301F-11D3-BF4B-00C04F79EFBC}") = "SimpleHttpServer", "SimpleHttpServer\SimpleHttpServer.csproj", "{60C0B21A-8010-4864-B8A5-486C54638355}"
EndProject
Global
	GlobalSection(SolutionConfigurationPlatforms) = preSolution
		Debug|Any CPU = Debug|Any CPU
		Release|Any CPU = Release|Any CPU
	EndGlobalSection
	GlobalSection(ProjectConfigurationPlatforms) = postSolution
		{60C0B21A-8010-4864-B8A5-486C54638355}.Debug|Any CPU.ActiveCfg = Debug|Any CPU
		{60C0B21A-8010-4864-B8A5-486C54638355}.Debug|Any CPU.Build.0 = Debug|Any CPU
		{60C0B21A-8010-4864-B8A5-486C54638355}.Release|Any CPU.ActiveCfg = Release|Any CPU
		{60C0B21A-8010-4864-B8A5-486C54638355}.Release|Any CPU.Build.0 = Release|Any CPU
	EndGlobalSection
	GlobalSection(SolutionProperties) = preSolution
		HideSolutionNode = FALSE
	EndGlobalSection
	GlobalSection(ExtensibilityGlobals) = postSolution
		SolutionGuid = {2BB0DE39-AD5F-4C5E-95AB-E038DA4D8DA3}
	EndGlobalSection
EndGlobal
